// !$*UTF8*$!
{
	archiveVersion = 1;
	classes = {
	};
	objectVersion = 55;
	objects = {

/* Begin PBXBuildFile section */
		66871C3C286B8AD500074A30 /* AppDelegate.swift in Sources */ = {isa = PBXBuildFile; fileRef = 66871C3B286B8AD500074A30 /* AppDelegate.swift */; };
		66871C3E286B8AD500074A30 /* SceneDelegate.swift in Sources */ = {isa = PBXBuildFile; fileRef = 66871C3D286B8AD500074A30 /* SceneDelegate.swift */; };
		66871C40286B8AD500074A30 /* ViewController.swift in Sources */ = {isa = PBXBuildFile; fileRef = 66871C3F286B8AD500074A30 /* ViewController.swift */; };
		66871C43286B8AD500074A30 /* Main.storyboard in Resources */ = {isa = PBXBuildFile; fileRef = 66871C41286B8AD500074A30 /* Main.storyboard */; };
		66871C46286B8AD500074A30 /* foodApp.xcdatamodeld in Sources */ = {isa = PBXBuildFile; fileRef = 66871C44286B8AD500074A30 /* foodApp.xcdatamodeld */; };
		66871C48286B8AD700074A30 /* Assets.xcassets in Resources */ = {isa = PBXBuildFile; fileRef = 66871C47286B8AD700074A30 /* Assets.xcassets */; };
		66871C4B286B8AD700074A30 /* LaunchScreen.storyboard in Resources */ = {isa = PBXBuildFile; fileRef = 66871C49286B8AD700074A30 /* LaunchScreen.storyboard */; };
		66871C56286B8AD800074A30 /* foodAppTests.swift in Sources */ = {isa = PBXBuildFile; fileRef = 66871C55286B8AD800074A30 /* foodAppTests.swift */; };
		66871C60286B8AD800074A30 /* foodAppUITests.swift in Sources */ = {isa = PBXBuildFile; fileRef = 66871C5F286B8AD800074A30 /* foodAppUITests.swift */; };
		66871C62286B8AD800074A30 /* foodAppUITestsLaunchTests.swift in Sources */ = {isa = PBXBuildFile; fileRef = 66871C61286B8AD800074A30 /* foodAppUITestsLaunchTests.swift */; };
		66871C6F286BFEF800074A30 /* NavButton.swift in Sources */ = {isa = PBXBuildFile; fileRef = 66871C6E286BFEF700074A30 /* NavButton.swift */; };
		7674199B286DBC3E00ACD6AC /* addOwnRecipeTableViewController.swift in Sources */ = {isa = PBXBuildFile; fileRef = 7674199A286DBC3E00ACD6AC /* addOwnRecipeTableViewController.swift */; };
		E3045775286D132500B373AD /* IMG_DF31B78DEB81-1.jpeg in Resources */ = {isa = PBXBuildFile; fileRef = E3045774286D132500B373AD /* IMG_DF31B78DEB81-1.jpeg */; };
		E3045777286D13DD00B373AD /* IMG_6E20E0C032C5-1.jpeg in Resources */ = {isa = PBXBuildFile; fileRef = E3045776286D13DD00B373AD /* IMG_6E20E0C032C5-1.jpeg */; };
		E3045779286D141F00B373AD /* IMG_F9E6904BFE8D-1.jpeg in Resources */ = {isa = PBXBuildFile; fileRef = E3045778286D141F00B373AD /* IMG_F9E6904BFE8D-1.jpeg */; };
/* End PBXBuildFile section */

/* Begin PBXContainerItemProxy section */
		66871C52286B8AD800074A30 /* PBXContainerItemProxy */ = {
			isa = PBXContainerItemProxy;
			containerPortal = 66871C30286B8AD500074A30 /* Project object */;
			proxyType = 1;
			remoteGlobalIDString = 66871C37286B8AD500074A30;
			remoteInfo = foodApp;
		};
		66871C5C286B8AD800074A30 /* PBXContainerItemProxy */ = {
			isa = PBXContainerItemProxy;
			containerPortal = 66871C30286B8AD500074A30 /* Project object */;
			proxyType = 1;
			remoteGlobalIDString = 66871C37286B8AD500074A30;
			remoteInfo = foodApp;
		};
/* End PBXContainerItemProxy section */

/* Begin PBXFileReference section */
		66871C38286B8AD500074A30 /* foodApp.app */ = {isa = PBXFileReference; explicitFileType = wrapper.application; includeInIndex = 0; path = foodApp.app; sourceTree = BUILT_PRODUCTS_DIR; };
		66871C3B286B8AD500074A30 /* AppDelegate.swift */ = {isa = PBXFileReference; lastKnownFileType = sourcecode.swift; path = AppDelegate.swift; sourceTree = "<group>"; };
		66871C3D286B8AD500074A30 /* SceneDelegate.swift */ = {isa = PBXFileReference; lastKnownFileType = sourcecode.swift; path = SceneDelegate.swift; sourceTree = "<group>"; };
		66871C3F286B8AD500074A30 /* ViewController.swift */ = {isa = PBXFileReference; lastKnownFileType = sourcecode.swift; path = ViewController.swift; sourceTree = "<group>"; };
		66871C42286B8AD500074A30 /* Base */ = {isa = PBXFileReference; lastKnownFileType = file.storyboard; name = Base; path = Base.lproj/Main.storyboard; sourceTree = "<group>"; };
		66871C45286B8AD500074A30 /* foodApp.xcdatamodel */ = {isa = PBXFileReference; lastKnownFileType = wrapper.xcdatamodel; path = foodApp.xcdatamodel; sourceTree = "<group>"; };
		66871C47286B8AD700074A30 /* Assets.xcassets */ = {isa = PBXFileReference; lastKnownFileType = folder.assetcatalog; path = Assets.xcassets; sourceTree = "<group>"; };
		66871C4A286B8AD700074A30 /* Base */ = {isa = PBXFileReference; lastKnownFileType = file.storyboard; name = Base; path = Base.lproj/LaunchScreen.storyboard; sourceTree = "<group>"; };
		66871C4C286B8AD700074A30 /* Info.plist */ = {isa = PBXFileReference; lastKnownFileType = text.plist.xml; path = Info.plist; sourceTree = "<group>"; };
		66871C51286B8AD800074A30 /* foodAppTests.xctest */ = {isa = PBXFileReference; explicitFileType = wrapper.cfbundle; includeInIndex = 0; path = foodAppTests.xctest; sourceTree = BUILT_PRODUCTS_DIR; };
		66871C55286B8AD800074A30 /* foodAppTests.swift */ = {isa = PBXFileReference; lastKnownFileType = sourcecode.swift; path = foodAppTests.swift; sourceTree = "<group>"; };
		66871C5B286B8AD800074A30 /* foodAppUITests.xctest */ = {isa = PBXFileReference; explicitFileType = wrapper.cfbundle; includeInIndex = 0; path = foodAppUITests.xctest; sourceTree = BUILT_PRODUCTS_DIR; };
		66871C5F286B8AD800074A30 /* foodAppUITests.swift */ = {isa = PBXFileReference; lastKnownFileType = sourcecode.swift; path = foodAppUITests.swift; sourceTree = "<group>"; };
		66871C61286B8AD800074A30 /* foodAppUITestsLaunchTests.swift */ = {isa = PBXFileReference; lastKnownFileType = sourcecode.swift; path = foodAppUITestsLaunchTests.swift; sourceTree = "<group>"; };
		66871C6E286BFEF700074A30 /* NavButton.swift */ = {isa = PBXFileReference; lastKnownFileType = sourcecode.swift; path = NavButton.swift; sourceTree = "<group>"; };
		7674199A286DBC3E00ACD6AC /* addOwnRecipeTableViewController.swift */ = {isa = PBXFileReference; lastKnownFileType = sourcecode.swift; path = addOwnRecipeTableViewController.swift; sourceTree = "<group>"; };
		E3045774286D132500B373AD /* IMG_DF31B78DEB81-1.jpeg */ = {isa = PBXFileReference; lastKnownFileType = image.jpeg; path = "IMG_DF31B78DEB81-1.jpeg"; sourceTree = "<group>"; };
		E3045776286D13DD00B373AD /* IMG_6E20E0C032C5-1.jpeg */ = {isa = PBXFileReference; lastKnownFileType = image.jpeg; path = "IMG_6E20E0C032C5-1.jpeg"; sourceTree = "<group>"; };
		E3045778286D141F00B373AD /* IMG_F9E6904BFE8D-1.jpeg */ = {isa = PBXFileReference; lastKnownFileType = image.jpeg; path = "IMG_F9E6904BFE8D-1.jpeg"; sourceTree = "<group>"; };
/* End PBXFileReference section */

/* Begin PBXFrameworksBuildPhase section */
		66871C35286B8AD500074A30 /* Frameworks */ = {
			isa = PBXFrameworksBuildPhase;
			buildActionMask = 2147483647;
			files = (
			);
			runOnlyForDeploymentPostprocessing = 0;
		};
		66871C4E286B8AD800074A30 /* Frameworks */ = {
			isa = PBXFrameworksBuildPhase;
			buildActionMask = 2147483647;
			files = (
			);
			runOnlyForDeploymentPostprocessing = 0;
		};
		66871C58286B8AD800074A30 /* Frameworks */ = {
			isa = PBXFrameworksBuildPhase;
			buildActionMask = 2147483647;
			files = (
			);
			runOnlyForDeploymentPostprocessing = 0;
		};
/* End PBXFrameworksBuildPhase section */

/* Begin PBXGroup section */
		66871C2F286B8AD500074A30 = {
			isa = PBXGroup;
			children = (
				66871C3A286B8AD500074A30 /* foodApp */,
				66871C54286B8AD800074A30 /* foodAppTests */,
				66871C5E286B8AD800074A30 /* foodAppUITests */,
				66871C39286B8AD500074A30 /* Products */,
			);
			sourceTree = "<group>";
		};
		66871C39286B8AD500074A30 /* Products */ = {
			isa = PBXGroup;
			children = (
				66871C38286B8AD500074A30 /* foodApp.app */,
				66871C51286B8AD800074A30 /* foodAppTests.xctest */,
				66871C5B286B8AD800074A30 /* foodAppUITests.xctest */,
			);
			name = Products;
			sourceTree = "<group>";
		};
		66871C3A286B8AD500074A30 /* foodApp */ = {
			isa = PBXGroup;
			children = (
				66871C3B286B8AD500074A30 /* AppDelegate.swift */,
				66871C3D286B8AD500074A30 /* SceneDelegate.swift */,
				66871C3F286B8AD500074A30 /* ViewController.swift */,
				66871C41286B8AD500074A30 /* Main.storyboard */,
				E3045778286D141F00B373AD /* IMG_F9E6904BFE8D-1.jpeg */,
				E3045774286D132500B373AD /* IMG_DF31B78DEB81-1.jpeg */,
				E3045776286D13DD00B373AD /* IMG_6E20E0C032C5-1.jpeg */,
				66871C6E286BFEF700074A30 /* NavButton.swift */,
				66871C47286B8AD700074A30 /* Assets.xcassets */,
				66871C49286B8AD700074A30 /* LaunchScreen.storyboard */,
				66871C4C286B8AD700074A30 /* Info.plist */,
				66871C44286B8AD500074A30 /* foodApp.xcdatamodeld */,
				7674199A286DBC3E00ACD6AC /* addOwnRecipeTableViewController.swift */,
			);
			path = foodApp;
			sourceTree = "<group>";
		};
		66871C54286B8AD800074A30 /* foodAppTests */ = {
			isa = PBXGroup;
			children = (
				66871C55286B8AD800074A30 /* foodAppTests.swift */,
			);
			path = foodAppTests;
			sourceTree = "<group>";
		};
		66871C5E286B8AD800074A30 /* foodAppUITests */ = {
			isa = PBXGroup;
			children = (
				66871C5F286B8AD800074A30 /* foodAppUITests.swift */,
				66871C61286B8AD800074A30 /* foodAppUITestsLaunchTests.swift */,
			);
			path = foodAppUITests;
			sourceTree = "<group>";
		};
/* End PBXGroup section */

/* Begin PBXNativeTarget section */
		66871C37286B8AD500074A30 /* foodApp */ = {
			isa = PBXNativeTarget;
			buildConfigurationList = 66871C65286B8AD800074A30 /* Build configuration list for PBXNativeTarget "foodApp" */;
			buildPhases = (
				66871C34286B8AD500074A30 /* Sources */,
				66871C35286B8AD500074A30 /* Frameworks */,
				66871C36286B8AD500074A30 /* Resources */,
			);
			buildRules = (
			);
			dependencies = (
			);
			name = foodApp;
			productName = foodApp;
			productReference = 66871C38286B8AD500074A30 /* foodApp.app */;
			productType = "com.apple.product-type.application";
		};
		66871C50286B8AD800074A30 /* foodAppTests */ = {
			isa = PBXNativeTarget;
			buildConfigurationList = 66871C68286B8AD800074A30 /* Build configuration list for PBXNativeTarget "foodAppTests" */;
			buildPhases = (
				66871C4D286B8AD800074A30 /* Sources */,
				66871C4E286B8AD800074A30 /* Frameworks */,
				66871C4F286B8AD800074A30 /* Resources */,
			);
			buildRules = (
			);
			dependencies = (
				66871C53286B8AD800074A30 /* PBXTargetDependency */,
			);
			name = foodAppTests;
			productName = foodAppTests;
			productReference = 66871C51286B8AD800074A30 /* foodAppTests.xctest */;
			productType = "com.apple.product-type.bundle.unit-test";
		};
		66871C5A286B8AD800074A30 /* foodAppUITests */ = {
			isa = PBXNativeTarget;
			buildConfigurationList = 66871C6B286B8AD800074A30 /* Build configuration list for PBXNativeTarget "foodAppUITests" */;
			buildPhases = (
				66871C57286B8AD800074A30 /* Sources */,
				66871C58286B8AD800074A30 /* Frameworks */,
				66871C59286B8AD800074A30 /* Resources */,
			);
			buildRules = (
			);
			dependencies = (
				66871C5D286B8AD800074A30 /* PBXTargetDependency */,
			);
			name = foodAppUITests;
			productName = foodAppUITests;
			productReference = 66871C5B286B8AD800074A30 /* foodAppUITests.xctest */;
			productType = "com.apple.product-type.bundle.ui-testing";
		};
/* End PBXNativeTarget section */

/* Begin PBXProject section */
		66871C30286B8AD500074A30 /* Project object */ = {
			isa = PBXProject;
			attributes = {
				BuildIndependentTargetsInParallel = 1;
				LastSwiftUpdateCheck = 1340;
				LastUpgradeCheck = 1340;
				TargetAttributes = {
					66871C37286B8AD500074A30 = {
						CreatedOnToolsVersion = 13.4.1;
					};
					66871C50286B8AD800074A30 = {
						CreatedOnToolsVersion = 13.4.1;
						TestTargetID = 66871C37286B8AD500074A30;
					};
					66871C5A286B8AD800074A30 = {
						CreatedOnToolsVersion = 13.4.1;
						TestTargetID = 66871C37286B8AD500074A30;
					};
				};
			};
			buildConfigurationList = 66871C33286B8AD500074A30 /* Build configuration list for PBXProject "foodApp" */;
			compatibilityVersion = "Xcode 13.0";
			developmentRegion = en;
			hasScannedForEncodings = 0;
			knownRegions = (
				en,
				Base,
			);
			mainGroup = 66871C2F286B8AD500074A30;
			productRefGroup = 66871C39286B8AD500074A30 /* Products */;
			projectDirPath = "";
			projectRoot = "";
			targets = (
				66871C37286B8AD500074A30 /* foodApp */,
				66871C50286B8AD800074A30 /* foodAppTests */,
				66871C5A286B8AD800074A30 /* foodAppUITests */,
			);
		};
/* End PBXProject section */

/* Begin PBXResourcesBuildPhase section */
		66871C36286B8AD500074A30 /* Resources */ = {
			isa = PBXResourcesBuildPhase;
			buildActionMask = 2147483647;
			files = (
				E3045777286D13DD00B373AD /* IMG_6E20E0C032C5-1.jpeg in Resources */,
				E3045779286D141F00B373AD /* IMG_F9E6904BFE8D-1.jpeg in Resources */,
				E3045775286D132500B373AD /* IMG_DF31B78DEB81-1.jpeg in Resources */,
				66871C4B286B8AD700074A30 /* LaunchScreen.storyboard in Resources */,
				66871C48286B8AD700074A30 /* Assets.xcassets in Resources */,
				66871C43286B8AD500074A30 /* Main.storyboard in Resources */,
			);
			runOnlyForDeploymentPostprocessing = 0;
		};
		66871C4F286B8AD800074A30 /* Resources */ = {
			isa = PBXResourcesBuildPhase;
			buildActionMask = 2147483647;
			files = (
			);
			runOnlyForDeploymentPostprocessing = 0;
		};
		66871C59286B8AD800074A30 /* Resources */ = {
			isa = PBXResourcesBuildPhase;
			buildActionMask = 2147483647;
			files = (
			);
			runOnlyForDeploymentPostprocessing = 0;
		};
/* End PBXResourcesBuildPhase section */

/* Begin PBXSourcesBuildPhase section */
		66871C34286B8AD500074A30 /* Sources */ = {
			isa = PBXSourcesBuildPhase;
			buildActionMask = 2147483647;
			files = (
				7674199B286DBC3E00ACD6AC /* addOwnRecipeTableViewController.swift in Sources */,
				66871C40286B8AD500074A30 /* ViewController.swift in Sources */,
				66871C46286B8AD500074A30 /* foodApp.xcdatamodeld in Sources */,
				66871C3C286B8AD500074A30 /* AppDelegate.swift in Sources */,
				66871C3E286B8AD500074A30 /* SceneDelegate.swift in Sources */,
				66871C6F286BFEF800074A30 /* NavButton.swift in Sources */,
			);
			runOnlyForDeploymentPostprocessing = 0;
		};
		66871C4D286B8AD800074A30 /* Sources */ = {
			isa = PBXSourcesBuildPhase;
			buildActionMask = 2147483647;
			files = (
				66871C56286B8AD800074A30 /* foodAppTests.swift in Sources */,
			);
			runOnlyForDeploymentPostprocessing = 0;
		};
		66871C57286B8AD800074A30 /* Sources */ = {
			isa = PBXSourcesBuildPhase;
			buildActionMask = 2147483647;
			files = (
				66871C62286B8AD800074A30 /* foodAppUITestsLaunchTests.swift in Sources */,
				66871C60286B8AD800074A30 /* foodAppUITests.swift in Sources */,
			);
			runOnlyForDeploymentPostprocessing = 0;
		};
/* End PBXSourcesBuildPhase section */

/* Begin PBXTargetDependency section */
		66871C53286B8AD800074A30 /* PBXTargetDependency */ = {
			isa = PBXTargetDependency;
			target = 66871C37286B8AD500074A30 /* foodApp */;
			targetProxy = 66871C52286B8AD800074A30 /* PBXContainerItemProxy */;
		};
		66871C5D286B8AD800074A30 /* PBXTargetDependency */ = {
			isa = PBXTargetDependency;
			target = 66871C37286B8AD500074A30 /* foodApp */;
			targetProxy = 66871C5C286B8AD800074A30 /* PBXContainerItemProxy */;
		};
/* End PBXTargetDependency section */

/* Begin PBXVariantGroup section */
		66871C41286B8AD500074A30 /* Main.storyboard */ = {
			isa = PBXVariantGroup;
			children = (
				66871C42286B8AD500074A30 /* Base */,
			);
			name = Main.storyboard;
			sourceTree = "<group>";
		};
		66871C49286B8AD700074A30 /* LaunchScreen.storyboard */ = {
			isa = PBXVariantGroup;
			children = (
				66871C4A286B8AD700074A30 /* Base */,
			);
			name = LaunchScreen.storyboard;
			sourceTree = "<group>";
		};
/* End PBXVariantGroup section */

/* Begin XCBuildConfiguration section */
		66871C63286B8AD800074A30 /* Debug */ = {
			isa = XCBuildConfiguration;
			buildSettings = {
				ALWAYS_SEARCH_USER_PATHS = NO;
				CLANG_ANALYZER_NONNULL = YES;
				CLANG_ANALYZER_NUMBER_OBJECT_CONVERSION = YES_AGGRESSIVE;
				CLANG_CXX_LANGUAGE_STANDARD = "gnu++17";
				CLANG_ENABLE_MODULES = YES;
				CLANG_ENABLE_OBJC_ARC = YES;
				CLANG_ENABLE_OBJC_WEAK = YES;
				CLANG_WARN_BLOCK_CAPTURE_AUTORELEASING = YES;
				CLANG_WARN_BOOL_CONVERSION = YES;
				CLANG_WARN_COMMA = YES;
				CLANG_WARN_CONSTANT_CONVERSION = YES;
				CLANG_WARN_DEPRECATED_OBJC_IMPLEMENTATIONS = YES;
				CLANG_WARN_DIRECT_OBJC_ISA_USAGE = YES_ERROR;
				CLANG_WARN_DOCUMENTATION_COMMENTS = YES;
				CLANG_WARN_EMPTY_BODY = YES;
				CLANG_WARN_ENUM_CONVERSION = YES;
				CLANG_WARN_INFINITE_RECURSION = YES;
				CLANG_WARN_INT_CONVERSION = YES;
				CLANG_WARN_NON_LITERAL_NULL_CONVERSION = YES;
				CLANG_WARN_OBJC_IMPLICIT_RETAIN_SELF = YES;
				CLANG_WARN_OBJC_LITERAL_CONVERSION = YES;
				CLANG_WARN_OBJC_ROOT_CLASS = YES_ERROR;
				CLANG_WARN_QUOTED_INCLUDE_IN_FRAMEWORK_HEADER = YES;
				CLANG_WARN_RANGE_LOOP_ANALYSIS = YES;
				CLANG_WARN_STRICT_PROTOTYPES = YES;
				CLANG_WARN_SUSPICIOUS_MOVE = YES;
				CLANG_WARN_UNGUARDED_AVAILABILITY = YES_AGGRESSIVE;
				CLANG_WARN_UNREACHABLE_CODE = YES;
				CLANG_WARN__DUPLICATE_METHOD_MATCH = YES;
				COPY_PHASE_STRIP = NO;
				DEBUG_INFORMATION_FORMAT = dwarf;
				ENABLE_STRICT_OBJC_MSGSEND = YES;
				ENABLE_TESTABILITY = YES;
				GCC_C_LANGUAGE_STANDARD = gnu11;
				GCC_DYNAMIC_NO_PIC = NO;
				GCC_NO_COMMON_BLOCKS = YES;
				GCC_OPTIMIZATION_LEVEL = 0;
				GCC_PREPROCESSOR_DEFINITIONS = (
					"DEBUG=1",
					"$(inherited)",
				);
				GCC_WARN_64_TO_32_BIT_CONVERSION = YES;
				GCC_WARN_ABOUT_RETURN_TYPE = YES_ERROR;
				GCC_WARN_UNDECLARED_SELECTOR = YES;
				GCC_WARN_UNINITIALIZED_AUTOS = YES_AGGRESSIVE;
				GCC_WARN_UNUSED_FUNCTION = YES;
				GCC_WARN_UNUSED_VARIABLE = YES;
				IPHONEOS_DEPLOYMENT_TARGET = 15.5;
				MTL_ENABLE_DEBUG_INFO = INCLUDE_SOURCE;
				MTL_FAST_MATH = YES;
				ONLY_ACTIVE_ARCH = YES;
				SDKROOT = iphoneos;
				SWIFT_ACTIVE_COMPILATION_CONDITIONS = DEBUG;
				SWIFT_OPTIMIZATION_LEVEL = "-Onone";
			};
			name = Debug;
		};
		66871C64286B8AD800074A30 /* Release */ = {
			isa = XCBuildConfiguration;
			buildSettings = {
				ALWAYS_SEARCH_USER_PATHS = NO;
				CLANG_ANALYZER_NONNULL = YES;
				CLANG_ANALYZER_NUMBER_OBJECT_CONVERSION = YES_AGGRESSIVE;
				CLANG_CXX_LANGUAGE_STANDARD = "gnu++17";
				CLANG_ENABLE_MODULES = YES;
				CLANG_ENABLE_OBJC_ARC = YES;
				CLANG_ENABLE_OBJC_WEAK = YES;
				CLANG_WARN_BLOCK_CAPTURE_AUTORELEASING = YES;
				CLANG_WARN_BOOL_CONVERSION = YES;
				CLANG_WARN_COMMA = YES;
				CLANG_WARN_CONSTANT_CONVERSION = YES;
				CLANG_WARN_DEPRECATED_OBJC_IMPLEMENTATIONS = YES;
				CLANG_WARN_DIRECT_OBJC_ISA_USAGE = YES_ERROR;
				CLANG_WARN_DOCUMENTATION_COMMENTS = YES;
				CLANG_WARN_EMPTY_BODY = YES;
				CLANG_WARN_ENUM_CONVERSION = YES;
				CLANG_WARN_INFINITE_RECURSION = YES;
				CLANG_WARN_INT_CONVERSION = YES;
				CLANG_WARN_NON_LITERAL_NULL_CONVERSION = YES;
				CLANG_WARN_OBJC_IMPLICIT_RETAIN_SELF = YES;
				CLANG_WARN_OBJC_LITERAL_CONVERSION = YES;
				CLANG_WARN_OBJC_ROOT_CLASS = YES_ERROR;
				CLANG_WARN_QUOTED_INCLUDE_IN_FRAMEWORK_HEADER = YES;
				CLANG_WARN_RANGE_LOOP_ANALYSIS = YES;
				CLANG_WARN_STRICT_PROTOTYPES = YES;
				CLANG_WARN_SUSPICIOUS_MOVE = YES;
				CLANG_WARN_UNGUARDED_AVAILABILITY = YES_AGGRESSIVE;
				CLANG_WARN_UNREACHABLE_CODE = YES;
				CLANG_WARN__DUPLICATE_METHOD_MATCH = YES;
				COPY_PHASE_STRIP = NO;
				DEBUG_INFORMATION_FORMAT = "dwarf-with-dsym";
				ENABLE_NS_ASSERTIONS = NO;
				ENABLE_STRICT_OBJC_MSGSEND = YES;
				GCC_C_LANGUAGE_STANDARD = gnu11;
				GCC_NO_COMMON_BLOCKS = YES;
				GCC_WARN_64_TO_32_BIT_CONVERSION = YES;
				GCC_WARN_ABOUT_RETURN_TYPE = YES_ERROR;
				GCC_WARN_UNDECLARED_SELECTOR = YES;
				GCC_WARN_UNINITIALIZED_AUTOS = YES_AGGRESSIVE;
				GCC_WARN_UNUSED_FUNCTION = YES;
				GCC_WARN_UNUSED_VARIABLE = YES;
				IPHONEOS_DEPLOYMENT_TARGET = 15.5;
				MTL_ENABLE_DEBUG_INFO = NO;
				MTL_FAST_MATH = YES;
				SDKROOT = iphoneos;
				SWIFT_COMPILATION_MODE = wholemodule;
				SWIFT_OPTIMIZATION_LEVEL = "-O";
				VALIDATE_PRODUCT = YES;
			};
			name = Release;
		};
		66871C66286B8AD800074A30 /* Debug */ = {
			isa = XCBuildConfiguration;
			buildSettings = {
				ASSETCATALOG_COMPILER_APPICON_NAME = AppIcon;
				ASSETCATALOG_COMPILER_GLOBAL_ACCENT_COLOR_NAME = AccentColor;
				CODE_SIGN_STYLE = Automatic;
				CURRENT_PROJECT_VERSION = 1;
				GENERATE_INFOPLIST_FILE = YES;
				INFOPLIST_FILE = foodApp/Info.plist;
				INFOPLIST_KEY_UIApplicationSupportsIndirectInputEvents = YES;
				INFOPLIST_KEY_UILaunchStoryboardName = LaunchScreen;
				INFOPLIST_KEY_UIMainStoryboardFile = Main;
				INFOPLIST_KEY_UISupportedInterfaceOrientations_iPad = "UIInterfaceOrientationPortrait UIInterfaceOrientationPortraitUpsideDown UIInterfaceOrientationLandscapeLeft UIInterfaceOrientationLandscapeRight";
				INFOPLIST_KEY_UISupportedInterfaceOrientations_iPhone = "UIInterfaceOrientationPortrait UIInterfaceOrientationLandscapeLeft UIInterfaceOrientationLandscapeRight";
				LD_RUNPATH_SEARCH_PATHS = (
					"$(inherited)",
					"@executable_path/Frameworks",
				);
				MARKETING_VERSION = 1.0;
				PRODUCT_BUNDLE_IDENTIFIER = kwk.foodApp;
				PRODUCT_NAME = "$(TARGET_NAME)";
				SWIFT_EMIT_LOC_STRINGS = YES;
				SWIFT_VERSION = 5.0;
				TARGETED_DEVICE_FAMILY = "1,2";
			};
			name = Debug;
		};
		66871C67286B8AD800074A30 /* Release */ = {
			isa = XCBuildConfiguration;
			buildSettings = {
				ASSETCATALOG_COMPILER_APPICON_NAME = AppIcon;
				ASSETCATALOG_COMPILER_GLOBAL_ACCENT_COLOR_NAME = AccentColor;
				CODE_SIGN_STYLE = Automatic;
				CURRENT_PROJECT_VERSION = 1;
				GENERATE_INFOPLIST_FILE = YES;
				INFOPLIST_FILE = foodApp/Info.plist;
				INFOPLIST_KEY_UIApplicationSupportsIndirectInputEvents = YES;
				INFOPLIST_KEY_UILaunchStoryboardName = LaunchScreen;
				INFOPLIST_KEY_UIMainStoryboardFile = Main;
				INFOPLIST_KEY_UISupportedInterfaceOrientations_iPad = "UIInterfaceOrientationPortrait UIInterfaceOrientationPortraitUpsideDown UIInterfaceOrientationLandscapeLeft UIInterfaceOrientationLandscapeRight";
				INFOPLIST_KEY_UISupportedInterfaceOrientations_iPhone = "UIInterfaceOrientationPortrait UIInterfaceOrientationLandscapeLeft UIInterfaceOrientationLandscapeRight";
				LD_RUNPATH_SEARCH_PATHS = (
					"$(inherited)",
					"@executable_path/Frameworks",
				);
				MARKETING_VERSION = 1.0;
				PRODUCT_BUNDLE_IDENTIFIER = kwk.foodApp;
				PRODUCT_NAME = "$(TARGET_NAME)";
				SWIFT_EMIT_LOC_STRINGS = YES;
				SWIFT_VERSION = 5.0;
				TARGETED_DEVICE_FAMILY = "1,2";
			};
			name = Release;
		};
		66871C69286B8AD800074A30 /* Debug */ = {
			isa = XCBuildConfiguration;
			buildSettings = {
				ALWAYS_EMBED_SWIFT_STANDARD_LIBRARIES = YES;
				BUNDLE_LOADER = "$(TEST_HOST)";
				CODE_SIGN_STYLE = Automatic;
				CURRENT_PROJECT_VERSION = 1;
				GENERATE_INFOPLIST_FILE = YES;
				IPHONEOS_DEPLOYMENT_TARGET = 15.5;
				MARKETING_VERSION = 1.0;
				PRODUCT_BUNDLE_IDENTIFIER = kwk.foodAppTests;
				PRODUCT_NAME = "$(TARGET_NAME)";
				SWIFT_EMIT_LOC_STRINGS = NO;
				SWIFT_VERSION = 5.0;
				TARGETED_DEVICE_FAMILY = "1,2";
				TEST_HOST = "$(BUILT_PRODUCTS_DIR)/foodApp.app/foodApp";
			};
			name = Debug;
		};
		66871C6A286B8AD800074A30 /* Release */ = {
			isa = XCBuildConfiguration;
			buildSettings = {
				ALWAYS_EMBED_SWIFT_STANDARD_LIBRARIES = YES;
				BUNDLE_LOADER = "$(TEST_HOST)";
				CODE_SIGN_STYLE = Automatic;
				CURRENT_PROJECT_VERSION = 1;
				GENERATE_INFOPLIST_FILE = YES;
				IPHONEOS_DEPLOYMENT_TARGET = 15.5;
				MARKETING_VERSION = 1.0;
				PRODUCT_BUNDLE_IDENTIFIER = kwk.foodAppTests;
				PRODUCT_NAME = "$(TARGET_NAME)";
				SWIFT_EMIT_LOC_STRINGS = NO;
				SWIFT_VERSION = 5.0;
				TARGETED_DEVICE_FAMILY = "1,2";
				TEST_HOST = "$(BUILT_PRODUCTS_DIR)/foodApp.app/foodApp";
			};
			name = Release;
		};
		66871C6C286B8AD800074A30 /* Debug */ = {
			isa = XCBuildConfiguration;
			buildSettings = {
				ALWAYS_EMBED_SWIFT_STANDARD_LIBRARIES = YES;
				CODE_SIGN_STYLE = Automatic;
				CURRENT_PROJECT_VERSION = 1;
				GENERATE_INFOPLIST_FILE = YES;
				MARKETING_VERSION = 1.0;
				PRODUCT_BUNDLE_IDENTIFIER = kwk.foodAppUITests;
				PRODUCT_NAME = "$(TARGET_NAME)";
				SWIFT_EMIT_LOC_STRINGS = NO;
				SWIFT_VERSION = 5.0;
				TARGETED_DEVICE_FAMILY = "1,2";
				TEST_TARGET_NAME = foodApp;
			};
			name = Debug;
		};
		66871C6D286B8AD800074A30 /* Release */ = {
			isa = XCBuildConfiguration;
			buildSettings = {
				ALWAYS_EMBED_SWIFT_STANDARD_LIBRARIES = YES;
				CODE_SIGN_STYLE = Automatic;
				CURRENT_PROJECT_VERSION = 1;
				GENERATE_INFOPLIST_FILE = YES;
				MARKETING_VERSION = 1.0;
				PRODUCT_BUNDLE_IDENTIFIER = kwk.foodAppUITests;
				PRODUCT_NAME = "$(TARGET_NAME)";
				SWIFT_EMIT_LOC_STRINGS = NO;
				SWIFT_VERSION = 5.0;
				TARGETED_DEVICE_FAMILY = "1,2";
				TEST_TARGET_NAME = foodApp;
			};
			name = Release;
		};
/* End XCBuildConfiguration section */

/* Begin XCConfigurationList section */
		66871C33286B8AD500074A30 /* Build configuration list for PBXProject "foodApp" */ = {
			isa = XCConfigurationList;
			buildConfigurations = (
				66871C63286B8AD800074A30 /* Debug */,
				66871C64286B8AD800074A30 /* Release */,
			);
			defaultConfigurationIsVisible = 0;
			defaultConfigurationName = Release;
		};
		66871C65286B8AD800074A30 /* Build configuration list for PBXNativeTarget "foodApp" */ = {
			isa = XCConfigurationList;
			buildConfigurations = (
				66871C66286B8AD800074A30 /* Debug */,
				66871C67286B8AD800074A30 /* Release */,
			);
			defaultConfigurationIsVisible = 0;
			defaultConfigurationName = Release;
		};
		66871C68286B8AD800074A30 /* Build configuration list for PBXNativeTarget "foodAppTests" */ = {
			isa = XCConfigurationList;
			buildConfigurations = (
				66871C69286B8AD800074A30 /* Debug */,
				66871C6A286B8AD800074A30 /* Release */,
			);
			defaultConfigurationIsVisible = 0;
			defaultConfigurationName = Release;
		};
		66871C6B286B8AD800074A30 /* Build configuration list for PBXNativeTarget "foodAppUITests" */ = {
			isa = XCConfigurationList;
			buildConfigurations = (
				66871C6C286B8AD800074A30 /* Debug */,
				66871C6D286B8AD800074A30 /* Release */,
			);
			defaultConfigurationIsVisible = 0;
			defaultConfigurationName = Release;
		};
/* End XCConfigurationList section */

/* Begin XCVersionGroup section */
		66871C44286B8AD500074A30 /* foodApp.xcdatamodeld */ = {
			isa = XCVersionGroup;
			children = (
				66871C45286B8AD500074A30 /* foodApp.xcdatamodel */,
			);
			currentVersion = 66871C45286B8AD500074A30 /* foodApp.xcdatamodel */;
			path = foodApp.xcdatamodeld;
			sourceTree = "<group>";
			versionGroupType = wrapper.xcdatamodel;
		};
/* End XCVersionGroup section */
	};
	rootObject = 66871C30286B8AD500074A30 /* Project object */;
}
